
Microsoft Visual Studio Solution File, Format Version 12.00
# Visual Studio Version 16
VisualStudioVersion = 16.0.29911.84
MinimumVisualStudioVersion = 10.0.40219.1
Project("{FAE04EC0-301F-11D3-BF4B-00C04F79EFBC}") = "CSharpST01", "CSharpST01\CSharpST01.csproj", "{ED3D22F3-4AD0-4D85-B6FF-2980C952788B}"
EndProject
Global
	GlobalSection(SolutionConfigurationPlatforms) = preSolution
		Debug|Any CPU = Debug|Any CPU
		Release|Any CPU = Release|Any CPU
	EndGlobalSection
	GlobalSection(ProjectConfigurationPlatforms) = postSolution
		{ED3D22F3-4AD0-4D85-B6FF-2980C952788B}.Debug|Any CPU.ActiveCfg = Debug|Any CPU
		{ED3D22F3-4AD0-4D85-B6FF-2980C952788B}.Debug|Any CPU.Build.0 = Debug|Any CPU
		{ED3D22F3-4AD0-4D85-B6FF-2980C952788B}.Release|Any CPU.ActiveCfg = Release|Any CPU
		{ED3D22F3-4AD0-4D85-B6FF-2980C952788B}.Release|Any CPU.Build.0 = Release|Any CPU
	EndGlobalSection
	GlobalSection(SolutionProperties) = preSolution
		HideSolutionNode = FALSE
	EndGlobalSection
	GlobalSection(ExtensibilityGlobals) = postSolution
		SolutionGuid = {BC5C8C1C-5768-4EBF-B00A-29AB0A635727}
	EndGlobalSection
EndGlobal
